
Microsoft Visual Studio Solution File, Format Version 12.00
# Visual Studio 2013
VisualStudioVersion = 12.0.21005.1
MinimumVisualStudioVersion = 10.0.40219.1
Project("{FAE04EC0-301F-11D3-BF4B-00C04F79EFBC}") = "BL", "BL\BL.csproj", "{1E7EB62B-3AD2-487B-B507-645DCA67E6CF}"
EndProject
Project("{FAE04EC0-301F-11D3-BF4B-00C04F79EFBC}") = "DL", "DL\DL.csproj", "{29402979-F693-4338-AFEC-5BA156E3BE46}"
EndProject
Project("{FAE04EC0-301F-11D3-BF4B-00C04F79EFBC}") = "MappingDB", "MappingDB\MappingDB.csproj", "{D7DEDB3A-EAEA-4F2E-BA87-7912DF04B983}"
EndProject
Project("{FAE04EC0-301F-11D3-BF4B-00C04F79EFBC}") = "PL", "PL\PL.csproj", "{053DAB67-BB04-4568-87DB-D8CAE0539946}"
EndProject
Global
	GlobalSection(SolutionConfigurationPlatforms) = preSolution
		Debug|Any CPU = Debug|Any CPU
		Release|Any CPU = Release|Any CPU
	EndGlobalSection
	GlobalSection(ProjectConfigurationPlatforms) = postSolution
		{1E7EB62B-3AD2-487B-B507-645DCA67E6CF}.Debug|Any CPU.ActiveCfg = Debug|Any CPU
		{1E7EB62B-3AD2-487B-B507-645DCA67E6CF}.Debug|Any CPU.Build.0 = Debug|Any CPU
		{1E7EB62B-3AD2-487B-B507-645DCA67E6CF}.Release|Any CPU.ActiveCfg = Release|Any CPU
		{1E7EB62B-3AD2-487B-B507-645DCA67E6CF}.Release|Any CPU.Build.0 = Release|Any CPU
		{29402979-F693-4338-AFEC-5BA156E3BE46}.Debug|Any CPU.ActiveCfg = Debug|Any CPU
		{29402979-F693-4338-AFEC-5BA156E3BE46}.Debug|Any CPU.Build.0 = Debug|Any CPU
		{29402979-F693-4338-AFEC-5BA156E3BE46}.Release|Any CPU.ActiveCfg = Release|Any CPU
		{29402979-F693-4338-AFEC-5BA156E3BE46}.Release|Any CPU.Build.0 = Release|Any CPU
		{D7DEDB3A-EAEA-4F2E-BA87-7912DF04B983}.Debug|Any CPU.ActiveCfg = Debug|Any CPU
		{D7DEDB3A-EAEA-4F2E-BA87-7912DF04B983}.Debug|Any CPU.Build.0 = Debug|Any CPU
		{D7DEDB3A-EAEA-4F2E-BA87-7912DF04B983}.Release|Any CPU.ActiveCfg = Release|Any CPU
		{D7DEDB3A-EAEA-4F2E-BA87-7912DF04B983}.Release|Any CPU.Build.0 = Release|Any CPU
		{053DAB67-BB04-4568-87DB-D8CAE0539946}.Debug|Any CPU.ActiveCfg = Debug|Any CPU
		{053DAB67-BB04-4568-87DB-D8CAE0539946}.Debug|Any CPU.Build.0 = Debug|Any CPU
		{053DAB67-BB04-4568-87DB-D8CAE0539946}.Release|Any CPU.ActiveCfg = Release|Any CPU
		{053DAB67-BB04-4568-87DB-D8CAE0539946}.Release|Any CPU.Build.0 = Release|Any CPU
	EndGlobalSection
	GlobalSection(SolutionProperties) = preSolution
		HideSolutionNode = FALSE
	EndGlobalSection
EndGlobal
